// !$*UTF8*$!
{
	archiveVersion = 1;
	classes = {
	};
	objectVersion = 77;
	objects = {

/* Begin PBXBuildFile section */
		BDBBC1852D21C3FD00581799 /* cert.cer in Resources */ = {isa = PBXBuildFile; fileRef = BDBBC1842D21C3FD00581799 /* cert.cer */; };
		BDBBC1982D22A80400581799 /* FirebaseDatabase in Frameworks */ = {isa = PBXBuildFile; productRef = BDBBC1972D22A80400581799 /* FirebaseDatabase */; };
		BDBBC19B2D22ACE800581799 /* KeychainSwift in Frameworks */ = {isa = PBXBuildFile; productRef = BDBBC19A2D22ACE800581799 /* KeychainSwift */; };
/* End PBXBuildFile section */

/* Begin PBXContainerItemProxy section */
		BDA2454F2D1D5E1B0066C201 /* PBXContainerItemProxy */ = {
			isa = PBXContainerItemProxy;
			containerPortal = BDA245302D1D5E1A0066C201 /* Project object */;
			proxyType = 1;
			remoteGlobalIDString = BDA245372D1D5E1A0066C201;
			remoteInfo = "Damnn Vulnerable MacOS Application";
		};
		BDA245592D1D5E1B0066C201 /* PBXContainerItemProxy */ = {
			isa = PBXContainerItemProxy;
			containerPortal = BDA245302D1D5E1A0066C201 /* Project object */;
			proxyType = 1;
			remoteGlobalIDString = BDA245372D1D5E1A0066C201;
			remoteInfo = "Damnn Vulnerable MacOS Application";
		};
/* End PBXContainerItemProxy section */

/* Begin PBXFileReference section */
		BDA245382D1D5E1A0066C201 /* DVMA.app */ = {isa = PBXFileReference; explicitFileType = wrapper.application; includeInIndex = 0; path = DVMA.app; sourceTree = BUILT_PRODUCTS_DIR; };
		BDA2454E2D1D5E1B0066C201 /* Damnn Vulnerable MacOS ApplicationTests.xctest */ = {isa = PBXFileReference; explicitFileType = wrapper.cfbundle; includeInIndex = 0; path = "Damnn Vulnerable MacOS ApplicationTests.xctest"; sourceTree = BUILT_PRODUCTS_DIR; };
		BDA245582D1D5E1B0066C201 /* Damnn Vulnerable MacOS ApplicationUITests.xctest */ = {isa = PBXFileReference; explicitFileType = wrapper.cfbundle; includeInIndex = 0; path = "Damnn Vulnerable MacOS ApplicationUITests.xctest"; sourceTree = BUILT_PRODUCTS_DIR; };
		BDBBC1842D21C3FD00581799 /* cert.cer */ = {isa = PBXFileReference; lastKnownFileType = file; path = cert.cer; sourceTree = "<group>"; };
/* End PBXFileReference section */

/* Begin PBXFileSystemSynchronizedRootGroup section */
		BDA2453A2D1D5E1A0066C201 /* Damnn Vulnerable MacOS Application */ = {
			isa = PBXFileSystemSynchronizedRootGroup;
			path = "Damnn Vulnerable MacOS Application";
			sourceTree = "<group>";
		};
		BDA245512D1D5E1B0066C201 /* Damnn Vulnerable MacOS ApplicationTests */ = {
			isa = PBXFileSystemSynchronizedRootGroup;
			path = "Damnn Vulnerable MacOS ApplicationTests";
			sourceTree = "<group>";
		};
		BDA2455B2D1D5E1B0066C201 /* Damnn Vulnerable MacOS ApplicationUITests */ = {
			isa = PBXFileSystemSynchronizedRootGroup;
			path = "Damnn Vulnerable MacOS ApplicationUITests";
			sourceTree = "<group>";
		};
/* End PBXFileSystemSynchronizedRootGroup section */

/* Begin PBXFrameworksBuildPhase section */
		BDA245352D1D5E1A0066C201 /* Frameworks */ = {
			isa = PBXFrameworksBuildPhase;
			buildActionMask = 2147483647;
			files = (
				BDBBC19B2D22ACE800581799 /* KeychainSwift in Frameworks */,
				BDBBC1982D22A80400581799 /* FirebaseDatabase in Frameworks */,
			);
			runOnlyForDeploymentPostprocessing = 0;
		};
		BDA2454B2D1D5E1B0066C201 /* Frameworks */ = {
			isa = PBXFrameworksBuildPhase;
			buildActionMask = 2147483647;
			files = (
			);
			runOnlyForDeploymentPostprocessing = 0;
		};
		BDA245552D1D5E1B0066C201 /* Frameworks */ = {
			isa = PBXFrameworksBuildPhase;
			buildActionMask = 2147483647;
			files = (
			);
			runOnlyForDeploymentPostprocessing = 0;
		};
/* End PBXFrameworksBuildPhase section */

/* Begin PBXGroup section */
		BDA2452F2D1D5E1A0066C201 = {
			isa = PBXGroup;
			children = (
				BDA2453A2D1D5E1A0066C201 /* Damnn Vulnerable MacOS Application */,
				BDA245512D1D5E1B0066C201 /* Damnn Vulnerable MacOS ApplicationTests */,
				BDA2455B2D1D5E1B0066C201 /* Damnn Vulnerable MacOS ApplicationUITests */,
				BDA245392D1D5E1A0066C201 /* Products */,
				BDBBC1842D21C3FD00581799 /* cert.cer */,
				BDBBC1932D22A74800581799 /* Frameworks */,
			);
			sourceTree = "<group>";
		};
		BDA245392D1D5E1A0066C201 /* Products */ = {
			isa = PBXGroup;
			children = (
				BDA245382D1D5E1A0066C201 /* DVMA.app */,
				BDA2454E2D1D5E1B0066C201 /* Damnn Vulnerable MacOS ApplicationTests.xctest */,
				BDA245582D1D5E1B0066C201 /* Damnn Vulnerable MacOS ApplicationUITests.xctest */,
			);
			name = Products;
			sourceTree = "<group>";
		};
		BDBBC1932D22A74800581799 /* Frameworks */ = {
			isa = PBXGroup;
			children = (
			);
			name = Frameworks;
			sourceTree = "<group>";
		};
/* End PBXGroup section */

/* Begin PBXNativeTarget section */
		BDA245372D1D5E1A0066C201 /* Damnn Vulnerable MacOS Application */ = {
			isa = PBXNativeTarget;
			buildConfigurationList = BDA245622D1D5E1B0066C201 /* Build configuration list for PBXNativeTarget "Damnn Vulnerable MacOS Application" */;
			buildPhases = (
				BDA245342D1D5E1A0066C201 /* Sources */,
				BDA245352D1D5E1A0066C201 /* Frameworks */,
				BDA245362D1D5E1A0066C201 /* Resources */,
			);
			buildRules = (
			);
			dependencies = (
			);
			fileSystemSynchronizedGroups = (
				BDA2453A2D1D5E1A0066C201 /* Damnn Vulnerable MacOS Application */,
			);
			name = "Damnn Vulnerable MacOS Application";
			packageProductDependencies = (
				BDBBC1972D22A80400581799 /* FirebaseDatabase */,
				BDBBC19A2D22ACE800581799 /* KeychainSwift */,
			);
			productName = "Damnn Vulnerable MacOS Application";
			productReference = BDA245382D1D5E1A0066C201 /* DVMA.app */;
			productType = "com.apple.product-type.application";
		};
		BDA2454D2D1D5E1B0066C201 /* Damnn Vulnerable MacOS ApplicationTests */ = {
			isa = PBXNativeTarget;
			buildConfigurationList = BDA245652D1D5E1B0066C201 /* Build configuration list for PBXNativeTarget "Damnn Vulnerable MacOS ApplicationTests" */;
			buildPhases = (
				BDA2454A2D1D5E1B0066C201 /* Sources */,
				BDA2454B2D1D5E1B0066C201 /* Frameworks */,
				BDA2454C2D1D5E1B0066C201 /* Resources */,
			);
			buildRules = (
			);
			dependencies = (
				BDA245502D1D5E1B0066C201 /* PBXTargetDependency */,
			);
			fileSystemSynchronizedGroups = (
				BDA245512D1D5E1B0066C201 /* Damnn Vulnerable MacOS ApplicationTests */,
			);
			name = "Damnn Vulnerable MacOS ApplicationTests";
			packageProductDependencies = (
			);
			productName = "Damnn Vulnerable MacOS ApplicationTests";
			productReference = BDA2454E2D1D5E1B0066C201 /* Damnn Vulnerable MacOS ApplicationTests.xctest */;
			productType = "com.apple.product-type.bundle.unit-test";
		};
		BDA245572D1D5E1B0066C201 /* Damnn Vulnerable MacOS ApplicationUITests */ = {
			isa = PBXNativeTarget;
			buildConfigurationList = BDA245682D1D5E1B0066C201 /* Build configuration list for PBXNativeTarget "Damnn Vulnerable MacOS ApplicationUITests" */;
			buildPhases = (
				BDA245542D1D5E1B0066C201 /* Sources */,
				BDA245552D1D5E1B0066C201 /* Frameworks */,
				BDA245562D1D5E1B0066C201 /* Resources */,
			);
			buildRules = (
			);
			dependencies = (
				BDA2455A2D1D5E1B0066C201 /* PBXTargetDependency */,
			);
			fileSystemSynchronizedGroups = (
				BDA2455B2D1D5E1B0066C201 /* Damnn Vulnerable MacOS ApplicationUITests */,
			);
			name = "Damnn Vulnerable MacOS ApplicationUITests";
			packageProductDependencies = (
			);
			productName = "Damnn Vulnerable MacOS ApplicationUITests";
			productReference = BDA245582D1D5E1B0066C201 /* Damnn Vulnerable MacOS ApplicationUITests.xctest */;
			productType = "com.apple.product-type.bundle.ui-testing";
		};
/* End PBXNativeTarget section */

/* Begin PBXProject section */
		BDA245302D1D5E1A0066C201 /* Project object */ = {
			isa = PBXProject;
			attributes = {
				BuildIndependentTargetsInParallel = 1;
				LastSwiftUpdateCheck = 1620;
				LastUpgradeCheck = 1620;
				TargetAttributes = {
					BDA245372D1D5E1A0066C201 = {
						CreatedOnToolsVersion = 16.2;
					};
					BDA2454D2D1D5E1B0066C201 = {
						CreatedOnToolsVersion = 16.2;
						TestTargetID = BDA245372D1D5E1A0066C201;
					};
					BDA245572D1D5E1B0066C201 = {
						CreatedOnToolsVersion = 16.2;
						TestTargetID = BDA245372D1D5E1A0066C201;
					};
				};
			};
			buildConfigurationList = BDA245332D1D5E1A0066C201 /* Build configuration list for PBXProject "Damnn Vulnerable MacOS Application" */;
			developmentRegion = en;
			hasScannedForEncodings = 0;
			knownRegions = (
				en,
				Base,
			);
			mainGroup = BDA2452F2D1D5E1A0066C201;
			minimizedProjectReferenceProxies = 1;
			packageReferences = (
				BDBBC1962D22A80400581799 /* XCRemoteSwiftPackageReference "firebase-ios-sdk" */,
				BDBBC1992D22ACE800581799 /* XCRemoteSwiftPackageReference "keychain-swift" */,
			);
			preferredProjectObjectVersion = 77;
			productRefGroup = BDA245392D1D5E1A0066C201 /* Products */;
			projectDirPath = "";
			projectRoot = "";
			targets = (
				BDA245372D1D5E1A0066C201 /* Damnn Vulnerable MacOS Application */,
				BDA2454D2D1D5E1B0066C201 /* Damnn Vulnerable MacOS ApplicationTests */,
				BDA245572D1D5E1B0066C201 /* Damnn Vulnerable MacOS ApplicationUITests */,
			);
		};
/* End PBXProject section */

/* Begin PBXResourcesBuildPhase section */
		BDA245362D1D5E1A0066C201 /* Resources */ = {
			isa = PBXResourcesBuildPhase;
			buildActionMask = 2147483647;
			files = (
				BDBBC1852D21C3FD00581799 /* cert.cer in Resources */,
			);
			runOnlyForDeploymentPostprocessing = 0;
		};
		BDA2454C2D1D5E1B0066C201 /* Resources */ = {
			isa = PBXResourcesBuildPhase;
			buildActionMask = 2147483647;
			files = (
			);
			runOnlyForDeploymentPostprocessing = 0;
		};
		BDA245562D1D5E1B0066C201 /* Resources */ = {
			isa = PBXResourcesBuildPhase;
			buildActionMask = 2147483647;
			files = (
			);
			runOnlyForDeploymentPostprocessing = 0;
		};
/* End PBXResourcesBuildPhase section */

/* Begin PBXSourcesBuildPhase section */
		BDA245342D1D5E1A0066C201 /* Sources */ = {
			isa = PBXSourcesBuildPhase;
			buildActionMask = 2147483647;
			files = (
			);
			runOnlyForDeploymentPostprocessing = 0;
		};
		BDA2454A2D1D5E1B0066C201 /* Sources */ = {
			isa = PBXSourcesBuildPhase;
			buildActionMask = 2147483647;
			files = (
			);
			runOnlyForDeploymentPostprocessing = 0;
		};
		BDA245542D1D5E1B0066C201 /* Sources */ = {
			isa = PBXSourcesBuildPhase;
			buildActionMask = 2147483647;
			files = (
			);
			runOnlyForDeploymentPostprocessing = 0;
		};
/* End PBXSourcesBuildPhase section */

/* Begin PBXTargetDependency section */
		BDA245502D1D5E1B0066C201 /* PBXTargetDependency */ = {
			isa = PBXTargetDependency;
			target = BDA245372D1D5E1A0066C201 /* Damnn Vulnerable MacOS Application */;
			targetProxy = BDA2454F2D1D5E1B0066C201 /* PBXContainerItemProxy */;
		};
		BDA2455A2D1D5E1B0066C201 /* PBXTargetDependency */ = {
			isa = PBXTargetDependency;
			target = BDA245372D1D5E1A0066C201 /* Damnn Vulnerable MacOS Application */;
			targetProxy = BDA245592D1D5E1B0066C201 /* PBXContainerItemProxy */;
		};
/* End PBXTargetDependency section */

/* Begin XCBuildConfiguration section */
		BDA245602D1D5E1B0066C201 /* Debug */ = {
			isa = XCBuildConfiguration;
			buildSettings = {
				ALWAYS_SEARCH_USER_PATHS = NO;
				ASSETCATALOG_COMPILER_GENERATE_SWIFT_ASSET_SYMBOL_EXTENSIONS = YES;
				CLANG_ANALYZER_NONNULL = YES;
				CLANG_ANALYZER_NUMBER_OBJECT_CONVERSION = YES_AGGRESSIVE;
				CLANG_CXX_LANGUAGE_STANDARD = "gnu++20";
				CLANG_ENABLE_MODULES = YES;
				CLANG_ENABLE_OBJC_ARC = YES;
				CLANG_ENABLE_OBJC_WEAK = YES;
				CLANG_WARN_BLOCK_CAPTURE_AUTORELEASING = YES;
				CLANG_WARN_BOOL_CONVERSION = YES;
				CLANG_WARN_COMMA = YES;
				CLANG_WARN_CONSTANT_CONVERSION = YES;
				CLANG_WARN_DEPRECATED_OBJC_IMPLEMENTATIONS = YES;
				CLANG_WARN_DIRECT_OBJC_ISA_USAGE = YES_ERROR;
				CLANG_WARN_DOCUMENTATION_COMMENTS = YES;
				CLANG_WARN_EMPTY_BODY = YES;
				CLANG_WARN_ENUM_CONVERSION = YES;
				CLANG_WARN_INFINITE_RECURSION = YES;
				CLANG_WARN_INT_CONVERSION = YES;
				CLANG_WARN_NON_LITERAL_NULL_CONVERSION = YES;
				CLANG_WARN_OBJC_IMPLICIT_RETAIN_SELF = YES;
				CLANG_WARN_OBJC_LITERAL_CONVERSION = YES;
				CLANG_WARN_OBJC_ROOT_CLASS = YES_ERROR;
				CLANG_WARN_QUOTED_INCLUDE_IN_FRAMEWORK_HEADER = YES;
				CLANG_WARN_RANGE_LOOP_ANALYSIS = YES;
				CLANG_WARN_STRICT_PROTOTYPES = YES;
				CLANG_WARN_SUSPICIOUS_MOVE = YES;
				CLANG_WARN_UNGUARDED_AVAILABILITY = YES_AGGRESSIVE;
				CLANG_WARN_UNREACHABLE_CODE = YES;
				CLANG_WARN__DUPLICATE_METHOD_MATCH = YES;
				COPY_PHASE_STRIP = NO;
				DEBUG_INFORMATION_FORMAT = dwarf;
				ENABLE_STRICT_OBJC_MSGSEND = YES;
				ENABLE_TESTABILITY = NO;
				ENABLE_USER_SCRIPT_SANDBOXING = YES;
				GCC_C_LANGUAGE_STANDARD = gnu17;
				GCC_DYNAMIC_NO_PIC = NO;
				GCC_NO_COMMON_BLOCKS = YES;
				GCC_OPTIMIZATION_LEVEL = 0;
				GCC_PREPROCESSOR_DEFINITIONS = (
					"DEBUG=1",
					"$(inherited)",
				);
				GCC_WARN_64_TO_32_BIT_CONVERSION = YES;
				GCC_WARN_ABOUT_RETURN_TYPE = YES_ERROR;
				GCC_WARN_UNDECLARED_SELECTOR = YES;
				GCC_WARN_UNINITIALIZED_AUTOS = YES_AGGRESSIVE;
				GCC_WARN_UNUSED_FUNCTION = YES;
				GCC_WARN_UNUSED_VARIABLE = YES;
				LOCALIZATION_PREFERS_STRING_CATALOGS = YES;
				MACOSX_DEPLOYMENT_TARGET = 15.2;
				MTL_ENABLE_DEBUG_INFO = INCLUDE_SOURCE;
				MTL_FAST_MATH = YES;
				ONLY_ACTIVE_ARCH = YES;
				SDKROOT = macosx;
				SWIFT_ACTIVE_COMPILATION_CONDITIONS = "DEBUG $(inherited)";
				SWIFT_OPTIMIZATION_LEVEL = "-Onone";
			};
			name = Debug;
		};
		BDA245612D1D5E1B0066C201 /* Release */ = {
			isa = XCBuildConfiguration;
			buildSettings = {
				ALWAYS_SEARCH_USER_PATHS = NO;
				ASSETCATALOG_COMPILER_GENERATE_SWIFT_ASSET_SYMBOL_EXTENSIONS = YES;
				CLANG_ANALYZER_NONNULL = YES;
				CLANG_ANALYZER_NUMBER_OBJECT_CONVERSION = YES_AGGRESSIVE;
				CLANG_CXX_LANGUAGE_STANDARD = "gnu++20";
				CLANG_ENABLE_MODULES = YES;
				CLANG_ENABLE_OBJC_ARC = YES;
				CLANG_ENABLE_OBJC_WEAK = YES;
				CLANG_WARN_BLOCK_CAPTURE_AUTORELEASING = YES;
				CLANG_WARN_BOOL_CONVERSION = YES;
				CLANG_WARN_COMMA = YES;
				CLANG_WARN_CONSTANT_CONVERSION = YES;
				CLANG_WARN_DEPRECATED_OBJC_IMPLEMENTATIONS = YES;
				CLANG_WARN_DIRECT_OBJC_ISA_USAGE = YES_ERROR;
				CLANG_WARN_DOCUMENTATION_COMMENTS = YES;
				CLANG_WARN_EMPTY_BODY = YES;
				CLANG_WARN_ENUM_CONVERSION = YES;
				CLANG_WARN_INFINITE_RECURSION = YES;
				CLANG_WARN_INT_CONVERSION = YES;
				CLANG_WARN_NON_LITERAL_NULL_CONVERSION = YES;
				CLANG_WARN_OBJC_IMPLICIT_RETAIN_SELF = YES;
				CLANG_WARN_OBJC_LITERAL_CONVERSION = YES;
				CLANG_WARN_OBJC_ROOT_CLASS = YES_ERROR;
				CLANG_WARN_QUOTED_INCLUDE_IN_FRAMEWORK_HEADER = YES;
				CLANG_WARN_RANGE_LOOP_ANALYSIS = YES;
				CLANG_WARN_STRICT_PROTOTYPES = YES;
				CLANG_WARN_SUSPICIOUS_MOVE = YES;
				CLANG_WARN_UNGUARDED_AVAILABILITY = YES_AGGRESSIVE;
				CLANG_WARN_UNREACHABLE_CODE = YES;
				CLANG_WARN__DUPLICATE_METHOD_MATCH = YES;
				COPY_PHASE_STRIP = NO;
				DEBUG_INFORMATION_FORMAT = "dwarf-with-dsym";
				ENABLE_NS_ASSERTIONS = NO;
				ENABLE_STRICT_OBJC_MSGSEND = YES;
				ENABLE_TESTABILITY = YES;
				ENABLE_USER_SCRIPT_SANDBOXING = YES;
				GCC_C_LANGUAGE_STANDARD = gnu17;
				GCC_NO_COMMON_BLOCKS = YES;
				GCC_WARN_64_TO_32_BIT_CONVERSION = YES;
				GCC_WARN_ABOUT_RETURN_TYPE = YES_ERROR;
				GCC_WARN_UNDECLARED_SELECTOR = YES;
				GCC_WARN_UNINITIALIZED_AUTOS = YES_AGGRESSIVE;
				GCC_WARN_UNUSED_FUNCTION = YES;
				GCC_WARN_UNUSED_VARIABLE = YES;
				LOCALIZATION_PREFERS_STRING_CATALOGS = YES;
				MACOSX_DEPLOYMENT_TARGET = 15.2;
				MTL_ENABLE_DEBUG_INFO = NO;
				MTL_FAST_MATH = YES;
				SDKROOT = macosx;
				SWIFT_COMPILATION_MODE = wholemodule;
			};
			name = Release;
		};
		BDA245632D1D5E1B0066C201 /* Debug */ = {
			isa = XCBuildConfiguration;
			buildSettings = {
				ASSETCATALOG_COMPILER_APPICON_NAME = AppIcon;
				ASSETCATALOG_COMPILER_GLOBAL_ACCENT_COLOR_NAME = AccentColor;
				ASSETCATALOG_COMPILER_INCLUDE_ALL_APPICON_ASSETS = YES;
				CODE_SIGN_ENTITLEMENTS = "Damnn Vulnerable MacOS Application/Damnn_Vulnerable_MacOS_Application.entitlements";
				"CODE_SIGN_IDENTITY[sdk=macosx*]" = "Apple Development";
				CODE_SIGN_STYLE = Automatic;
				COMBINE_HIDPI_IMAGES = YES;
				CURRENT_PROJECT_VERSION = 1;
				DEVELOPMENT_ASSET_PATHS = "\"Damnn Vulnerable MacOS Application/Preview Content\"";
				DEVELOPMENT_TEAM = UUHC9RSUK6;
				ENABLE_HARDENED_RUNTIME = YES;
				ENABLE_PREVIEWS = YES;
				GENERATE_INFOPLIST_FILE = YES;
				INFOPLIST_FILE = Info.plist;
				INFOPLIST_KEY_CFBundleDisplayName = DVMA;
				INFOPLIST_KEY_NSCameraUsageDescription = "This app requires access to the camera to function properly.";
				INFOPLIST_KEY_NSHumanReadableCopyright = "";
				INFOPLIST_KEY_NSLocationWhenInUseUsageDescription = "This app needs location access to provide location-based features.";
				INFOPLIST_KEY_NSMicrophoneUsageDescription = "This app requires access to the microphone for audio recording.";
				INFOPLIST_KEY_NSPhotoLibraryUsageDescription = "This app requires access to your photo library to select images.";
				LD_RUNPATH_SEARCH_PATHS = (
					"$(inherited)",
					"@executable_path/../Frameworks",
				);
				MACOSX_DEPLOYMENT_TARGET = 11;
				MARKETING_VERSION = 1.0;
				PRODUCT_BUNDLE_IDENTIFIER = "DVMA.Damn-Vulnerable-MacOS-Application";
				PRODUCT_NAME = DVMA;
				SWIFT_EMIT_LOC_STRINGS = YES;
				SWIFT_VERSION = 5.0;
			};
			name = Debug;
		};
		BDA245642D1D5E1B0066C201 /* Release */ = {
			isa = XCBuildConfiguration;
			buildSettings = {
				ASSETCATALOG_COMPILER_APPICON_NAME = AppIcon;
				ASSETCATALOG_COMPILER_GLOBAL_ACCENT_COLOR_NAME = AccentColor;
				ASSETCATALOG_COMPILER_INCLUDE_ALL_APPICON_ASSETS = YES;
				CODE_SIGN_ENTITLEMENTS = "Damnn Vulnerable MacOS Application/Damnn_Vulnerable_MacOS_Application.entitlements";
				"CODE_SIGN_IDENTITY[sdk=macosx*]" = "Apple Development";
				CODE_SIGN_STYLE = Automatic;
				COMBINE_HIDPI_IMAGES = YES;
				CURRENT_PROJECT_VERSION = 1;
				DEVELOPMENT_ASSET_PATHS = "\"Damnn Vulnerable MacOS Application/Preview Content\"";
				DEVELOPMENT_TEAM = UUHC9RSUK6;
				ENABLE_HARDENED_RUNTIME = YES;
				ENABLE_PREVIEWS = YES;
				GENERATE_INFOPLIST_FILE = YES;
				INFOPLIST_FILE = Info.plist;
				INFOPLIST_KEY_CFBundleDisplayName = DVMA;
				INFOPLIST_KEY_NSCameraUsageDescription = "This app requires access to the camera to function properly.";
				INFOPLIST_KEY_NSHumanReadableCopyright = "";
				INFOPLIST_KEY_NSLocationWhenInUseUsageDescription = "This app needs location access to provide location-based features.";
				INFOPLIST_KEY_NSMicrophoneUsageDescription = "This app requires access to the microphone for audio recording.";
				INFOPLIST_KEY_NSPhotoLibraryUsageDescription = "This app requires access to your photo library to select images.";
				LD_RUNPATH_SEARCH_PATHS = (
					"$(inherited)",
					"@executable_path/../Frameworks",
				);
				MACOSX_DEPLOYMENT_TARGET = 11;
				MARKETING_VERSION = 1.0;
				PRODUCT_BUNDLE_IDENTIFIER = "DVMA.Damn-Vulnerable-MacOS-Application";
				PRODUCT_NAME = DVMA;
				SWIFT_EMIT_LOC_STRINGS = YES;
				SWIFT_VERSION = 5.0;
			};
			name = Release;
		};
		BDA245662D1D5E1B0066C201 /* Debug */ = {
			isa = XCBuildConfiguration;
			buildSettings = {
				BUNDLE_LOADER = "$(TEST_HOST)";
				CODE_SIGN_STYLE = Automatic;
				CURRENT_PROJECT_VERSION = 1;
				DEVELOPMENT_TEAM = UUHC9RSUK6;
				GENERATE_INFOPLIST_FILE = YES;
				MACOSX_DEPLOYMENT_TARGET = 15.2;
				MARKETING_VERSION = 1.0;
				PRODUCT_BUNDLE_IDENTIFIER = "DVMA.Damnn-Vulnerable-MacOS-ApplicationTests";
				PRODUCT_NAME = "$(TARGET_NAME)";
				SWIFT_EMIT_LOC_STRINGS = NO;
				SWIFT_VERSION = 5.0;
				TEST_HOST = "$(BUILT_PRODUCTS_DIR)/Damnn Vulnerable MacOS Application.app/$(BUNDLE_EXECUTABLE_FOLDER_PATH)/Damnn Vulnerable MacOS Application";
			};
			name = Debug;
		};
		BDA245672D1D5E1B0066C201 /* Release */ = {
			isa = XCBuildConfiguration;
			buildSettings = {
				BUNDLE_LOADER = "$(TEST_HOST)";
				CODE_SIGN_STYLE = Automatic;
				CURRENT_PROJECT_VERSION = 1;
				DEVELOPMENT_TEAM = UUHC9RSUK6;
				GENERATE_INFOPLIST_FILE = YES;
				MACOSX_DEPLOYMENT_TARGET = 15.2;
				MARKETING_VERSION = 1.0;
				PRODUCT_BUNDLE_IDENTIFIER = "DVMA.Damnn-Vulnerable-MacOS-ApplicationTests";
				PRODUCT_NAME = "$(TARGET_NAME)";
				SWIFT_EMIT_LOC_STRINGS = NO;
				SWIFT_VERSION = 5.0;
				TEST_HOST = "$(BUILT_PRODUCTS_DIR)/Damnn Vulnerable MacOS Application.app/$(BUNDLE_EXECUTABLE_FOLDER_PATH)/Damnn Vulnerable MacOS Application";
			};
			name = Release;
		};
		BDA245692D1D5E1B0066C201 /* Debug */ = {
			isa = XCBuildConfiguration;
			buildSettings = {
				CODE_SIGN_STYLE = Automatic;
				CURRENT_PROJECT_VERSION = 1;
				DEVELOPMENT_TEAM = UUHC9RSUK6;
				GENERATE_INFOPLIST_FILE = YES;
				MARKETING_VERSION = 1.0;
				PRODUCT_BUNDLE_IDENTIFIER = "DVMA.Damnn-Vulnerable-MacOS-ApplicationUITests";
				PRODUCT_NAME = "$(TARGET_NAME)";
				SWIFT_EMIT_LOC_STRINGS = NO;
				SWIFT_VERSION = 5.0;
				TEST_TARGET_NAME = "Damnn Vulnerable MacOS Application";
			};
			name = Debug;
		};
		BDA2456A2D1D5E1B0066C201 /* Release */ = {
			isa = XCBuildConfiguration;
			buildSettings = {
				CODE_SIGN_STYLE = Automatic;
				CURRENT_PROJECT_VERSION = 1;
				DEVELOPMENT_TEAM = UUHC9RSUK6;
				GENERATE_INFOPLIST_FILE = YES;
				MARKETING_VERSION = 1.0;
				PRODUCT_BUNDLE_IDENTIFIER = "DVMA.Damnn-Vulnerable-MacOS-ApplicationUITests";
				PRODUCT_NAME = "$(TARGET_NAME)";
				SWIFT_EMIT_LOC_STRINGS = NO;
				SWIFT_VERSION = 5.0;
				TEST_TARGET_NAME = "Damnn Vulnerable MacOS Application";
			};
			name = Release;
		};
/* End XCBuildConfiguration section */

/* Begin XCConfigurationList section */
		BDA245332D1D5E1A0066C201 /* Build configuration list for PBXProject "Damnn Vulnerable MacOS Application" */ = {
			isa = XCConfigurationList;
			buildConfigurations = (
				BDA245602D1D5E1B0066C201 /* Debug */,
				BDA245612D1D5E1B0066C201 /* Release */,
			);
			defaultConfigurationIsVisible = 0;
			defaultConfigurationName = Release;
		};
		BDA245622D1D5E1B0066C201 /* Build configuration list for PBXNativeTarget "Damnn Vulnerable MacOS Application" */ = {
			isa = XCConfigurationList;
			buildConfigurations = (
				BDA245632D1D5E1B0066C201 /* Debug */,
				BDA245642D1D5E1B0066C201 /* Release */,
			);
			defaultConfigurationIsVisible = 0;
			defaultConfigurationName = Release;
		};
		BDA245652D1D5E1B0066C201 /* Build configuration list for PBXNativeTarget "Damnn Vulnerable MacOS ApplicationTests" */ = {
			isa = XCConfigurationList;
			buildConfigurations = (
				BDA245662D1D5E1B0066C201 /* Debug */,
				BDA245672D1D5E1B0066C201 /* Release */,
			);
			defaultConfigurationIsVisible = 0;
			defaultConfigurationName = Release;
		};
		BDA245682D1D5E1B0066C201 /* Build configuration list for PBXNativeTarget "Damnn Vulnerable MacOS ApplicationUITests" */ = {
			isa = XCConfigurationList;
			buildConfigurations = (
				BDA245692D1D5E1B0066C201 /* Debug */,
				BDA2456A2D1D5E1B0066C201 /* Release */,
			);
			defaultConfigurationIsVisible = 0;
			defaultConfigurationName = Release;
		};
/* End XCConfigurationList section */

/* Begin XCRemoteSwiftPackageReference section */
		BDBBC1962D22A80400581799 /* XCRemoteSwiftPackageReference "firebase-ios-sdk" */ = {
			isa = XCRemoteSwiftPackageReference;
			repositoryURL = "https://github.com/firebase/firebase-ios-sdk";
			requirement = {
				kind = exactVersion;
				version = 11.6.0;
			};
		};
		BDBBC1992D22ACE800581799 /* XCRemoteSwiftPackageReference "keychain-swift" */ = {
			isa = XCRemoteSwiftPackageReference;
			repositoryURL = "https://github.com/evgenyneu/keychain-swift";
			requirement = {
				kind = exactVersion;
				version = 24.0.0;
			};
		};
/* End XCRemoteSwiftPackageReference section */

/* Begin XCSwiftPackageProductDependency section */
		BDBBC1972D22A80400581799 /* FirebaseDatabase */ = {
			isa = XCSwiftPackageProductDependency;
			package = BDBBC1962D22A80400581799 /* XCRemoteSwiftPackageReference "firebase-ios-sdk" */;
			productName = FirebaseDatabase;
		};
		BDBBC19A2D22ACE800581799 /* KeychainSwift */ = {
			isa = XCSwiftPackageProductDependency;
			package = BDBBC1992D22ACE800581799 /* XCRemoteSwiftPackageReference "keychain-swift" */;
			productName = KeychainSwift;
		};
/* End XCSwiftPackageProductDependency section */
	};
	rootObject = BDA245302D1D5E1A0066C201 /* Project object */;
}
